
Microsoft Visual Studio Solution File, Format Version 12.00
# Visual Studio 2013
VisualStudioVersion = 12.0.31101.0
MinimumVisualStudioVersion = 10.0.40219.1
Project("{FAE04EC0-301F-11D3-BF4B-00C04F79EFBC}") = "Interface", "Interface\Interface.csproj", "{AE4AFD7A-CAA4-46A0-9E00-2B3D53F8D0AB}"
	ProjectSection(ProjectDependencies) = postProject
		{6CB41404-02E8-4CA3-834C-CE8C30999450} = {6CB41404-02E8-4CA3-834C-CE8C30999450}
		{2CE88104-14EB-436A-9E74-610212FF42F6} = {2CE88104-14EB-436A-9E74-610212FF42F6}
		{6F4BBF10-0D1A-4092-8A06-C7587EBC3F03} = {6F4BBF10-0D1A-4092-8A06-C7587EBC3F03}
		{D469C717-7625-40F1-966D-3C9DD00F5B9C} = {D469C717-7625-40F1-966D-3C9DD00F5B9C}
		{EBAC601C-652C-466A-B4F0-94495F4C8E49} = {EBAC601C-652C-466A-B4F0-94495F4C8E49}
		{289A0E25-F669-4E00-9DB9-0C5AE51E2BCC} = {289A0E25-F669-4E00-9DB9-0C5AE51E2BCC}
		{921B252D-D2D0-412F-BD6D-9559DCD20BB0} = {921B252D-D2D0-412F-BD6D-9559DCD20BB0}
		{9ADA4844-4566-4C2E-8649-3D87E2F76563} = {9ADA4844-4566-4C2E-8649-3D87E2F76563}
		{72CCA645-3E1D-4355-9BDE-5C1884BCB6FC} = {72CCA645-3E1D-4355-9BDE-5C1884BCB6FC}
		{1A544D51-1041-4A9A-B1ED-E738735DF52E} = {1A544D51-1041-4A9A-B1ED-E738735DF52E}
		{2AD43A57-CDFF-4098-AC09-82159744C6E4} = {2AD43A57-CDFF-4098-AC09-82159744C6E4}
		{0DAE9869-DE0E-442F-B8EF-B4F54EDE9559} = {0DAE9869-DE0E-442F-B8EF-B4F54EDE9559}
		{42BB7F70-53A1-4FA4-80C2-9DB47A092FB0} = {42BB7F70-53A1-4FA4-80C2-9DB47A092FB0}
		{18369F84-BD20-4946-B3D6-F2152148B2B4} = {18369F84-BD20-4946-B3D6-F2152148B2B4}
		{60902085-CEF9-4C38-96F4-644F4574681F} = {60902085-CEF9-4C38-96F4-644F4574681F}
		{6FEDA88B-70F0-4E7B-9079-C5530247F8AB} = {6FEDA88B-70F0-4E7B-9079-C5530247F8AB}
		{909F6291-F0F5-4452-A4CA-BEF96916C01D} = {909F6291-F0F5-4452-A4CA-BEF96916C01D}
		{A4D79B92-8D54-46BA-94AD-31CEA23E5688} = {A4D79B92-8D54-46BA-94AD-31CEA23E5688}
		{2434E995-592F-4EE2-B321-033B7493F93E} = {2434E995-592F-4EE2-B321-033B7493F93E}
		{516ECE98-0D6D-4713-AEDA-EDF47FFAA80B} = {516ECE98-0D6D-4713-AEDA-EDF47FFAA80B}
		{EFAC8BA8-AF57-4D9C-9F00-1758FCC2F22E} = {EFAC8BA8-AF57-4D9C-9F00-1758FCC2F22E}
		{FE9C7DB3-C4AA-4CF4-A6CF-CBE2244D3F2D} = {FE9C7DB3-C4AA-4CF4-A6CF-CBE2244D3F2D}
		{569F61C2-3B06-4313-A299-E643C3786D3D} = {569F61C2-3B06-4313-A299-E643C3786D3D}
	EndProjectSection
EndProject
Project("{FAE04EC0-301F-11D3-BF4B-00C04F79EFBC}") = "Combot", "Combot\Combot.csproj", "{23E4C371-16E4-4FAC-8B11-44288399BB55}"
EndProject
Project("{FAE04EC0-301F-11D3-BF4B-00C04F79EFBC}") = "IRCServices", "IRCServices\IRCServices.csproj", "{65FCBF1C-8C9E-4688-BECC-185D9030899F}"
EndProject
Project("{2150E333-8FDC-42A3-9474-1A3956D46DE8}") = "Solution Items", "Solution Items", "{0B78E5A1-A302-4587-8004-3D41DCEF5CD2}"
	ProjectSection(SolutionItems) = preProject
		Bot.ico = Bot.ico
		readme.md = readme.md
	EndProjectSection
EndProject
Project("{2150E333-8FDC-42A3-9474-1A3956D46DE8}") = "Modules", "Modules", "{D157677E-4D33-4156-B55E-E21C4B5A3024}"
EndProject
Project("{FAE04EC0-301F-11D3-BF4B-00C04F79EFBC}") = "Owner Control", "Modules\Owner Control\Owner Control.csproj", "{D469C717-7625-40F1-966D-3C9DD00F5B9C}"
EndProject
Project("{FAE04EC0-301F-11D3-BF4B-00C04F79EFBC}") = "Ping Me", "Modules\Ping Me\Ping Me.csproj", "{18369F84-BD20-4946-B3D6-F2152148B2B4}"
EndProject
Project("{FAE04EC0-301F-11D3-BF4B-00C04F79EFBC}") = "Invite", "Modules\Invite\Invite.csproj", "{72CCA645-3E1D-4355-9BDE-5C1884BCB6FC}"
EndProject
Project("{FAE04EC0-301F-11D3-BF4B-00C04F79EFBC}") = "Version", "Modules\Version\Version.csproj", "{2CE88104-14EB-436A-9E74-610212FF42F6}"
EndProject
Project("{FAE04EC0-301F-11D3-BF4B-00C04F79EFBC}") = "Help", "Modules\Help\Help.csproj", "{42BB7F70-53A1-4FA4-80C2-9DB47A092FB0}"
EndProject
Project("{FAE04EC0-301F-11D3-BF4B-00C04F79EFBC}") = "Moderation", "Modules\Moderation\Moderation.csproj", "{2AD43A57-CDFF-4098-AC09-82159744C6E4}"
EndProject
Project("{FAE04EC0-301F-11D3-BF4B-00C04F79EFBC}") = "Weather Information", "Modules\Weather Information\Weather Information.csproj", "{A4D79B92-8D54-46BA-94AD-31CEA23E5688}"
EndProject
Project("{FAE04EC0-301F-11D3-BF4B-00C04F79EFBC}") = "Search", "Modules\Search\Search.csproj", "{EFAC8BA8-AF57-4D9C-9F00-1758FCC2F22E}"
EndProject
Project("{FAE04EC0-301F-11D3-BF4B-00C04F79EFBC}") = "YouTube", "Modules\YouTube\YouTube.csproj", "{EBAC601C-652C-466A-B4F0-94495F4C8E49}"
EndProject
Project("{FAE04EC0-301F-11D3-BF4B-00C04F79EFBC}") = "Url Parsing", "Modules\Url Parsing\Url Parsing.csproj", "{1A544D51-1041-4A9A-B1ED-E738735DF52E}"
EndProject
Project("{FAE04EC0-301F-11D3-BF4B-00C04F79EFBC}") = "Wolfram Alpha", "Modules\Wolfram Alpha\Wolfram Alpha.csproj", "{60902085-CEF9-4C38-96F4-644F4574681F}"
EndProject
Project("{FAE04EC0-301F-11D3-BF4B-00C04F79EFBC}") = "Configuration", "Modules\Configuration\Configuration.csproj", "{516ECE98-0D6D-4713-AEDA-EDF47FFAA80B}"
EndProject
Project("{FAE04EC0-301F-11D3-BF4B-00C04F79EFBC}") = "Logging", "Modules\Logging\Logging.csproj", "{289A0E25-F669-4E00-9DB9-0C5AE51E2BCC}"
EndProject
Project("{FAE04EC0-301F-11D3-BF4B-00C04F79EFBC}") = "Introductions", "Modules\Introductions\Introductions.csproj", "{6FEDA88B-70F0-4E7B-9079-C5530247F8AB}"
EndProject
Project("{FAE04EC0-301F-11D3-BF4B-00C04F79EFBC}") = "Quotes", "Modules\Quotes\Quotes.csproj", "{9ADA4844-4566-4C2E-8649-3D87E2F76563}"
EndProject
Project("{FAE04EC0-301F-11D3-BF4B-00C04F79EFBC}") = "Seen", "Modules\Seen\Seen.csproj", "{909F6291-F0F5-4452-A4CA-BEF96916C01D}"
EndProject
Project("{FAE04EC0-301F-11D3-BF4B-00C04F79EFBC}") = "Messaging", "Modules\Messaging\Messaging.csproj", "{2434E995-592F-4EE2-B321-033B7493F93E}"
EndProject
Project("{FAE04EC0-301F-11D3-BF4B-00C04F79EFBC}") = "Spam Control", "Modules\Spam Control\Spam Control.csproj", "{921B252D-D2D0-412F-BD6D-9559DCD20BB0}"
EndProject
Project("{FAE04EC0-301F-11D3-BF4B-00C04F79EFBC}") = "Sed", "Modules\Sed\Sed.csproj", "{6F4BBF10-0D1A-4092-8A06-C7587EBC3F03}"
EndProject
Project("{FAE04EC0-301F-11D3-BF4B-00C04F79EFBC}") = "Fun", "Modules\Fun\Fun.csproj", "{FE9C7DB3-C4AA-4CF4-A6CF-CBE2244D3F2D}"
EndProject
Project("{FAE04EC0-301F-11D3-BF4B-00C04F79EFBC}") = "Channel Rules", "Modules\Channel Rules\Channel Rules.csproj", "{569F61C2-3B06-4313-A299-E643C3786D3D}"
EndProject
Project("{FAE04EC0-301F-11D3-BF4B-00C04F79EFBC}") = "About", "Modules\About\About.csproj", "{0DAE9869-DE0E-442F-B8EF-B4F54EDE9559}"
EndProject
Project("{FAE04EC0-301F-11D3-BF4B-00C04F79EFBC}") = "Decide", "Modules\Decide\Decide.csproj", "{6CB41404-02E8-4CA3-834C-CE8C30999450}"
EndProject
Global
	GlobalSection(SolutionConfigurationPlatforms) = preSolution
		Debug|Any CPU = Debug|Any CPU
		Release|Any CPU = Release|Any CPU
	EndGlobalSection
	GlobalSection(ProjectConfigurationPlatforms) = postSolution
		{AE4AFD7A-CAA4-46A0-9E00-2B3D53F8D0AB}.Debug|Any CPU.ActiveCfg = Debug|Any CPU
		{AE4AFD7A-CAA4-46A0-9E00-2B3D53F8D0AB}.Debug|Any CPU.Build.0 = Debug|Any CPU
		{AE4AFD7A-CAA4-46A0-9E00-2B3D53F8D0AB}.Release|Any CPU.ActiveCfg = Release|Any CPU
		{AE4AFD7A-CAA4-46A0-9E00-2B3D53F8D0AB}.Release|Any CPU.Build.0 = Release|Any CPU
		{23E4C371-16E4-4FAC-8B11-44288399BB55}.Debug|Any CPU.ActiveCfg = Debug|Any CPU
		{23E4C371-16E4-4FAC-8B11-44288399BB55}.Debug|Any CPU.Build.0 = Debug|Any CPU
		{23E4C371-16E4-4FAC-8B11-44288399BB55}.Release|Any CPU.ActiveCfg = Release|Any CPU
		{23E4C371-16E4-4FAC-8B11-44288399BB55}.Release|Any CPU.Build.0 = Release|Any CPU
		{65FCBF1C-8C9E-4688-BECC-185D9030899F}.Debug|Any CPU.ActiveCfg = Debug|Any CPU
		{65FCBF1C-8C9E-4688-BECC-185D9030899F}.Debug|Any CPU.Build.0 = Debug|Any CPU
		{65FCBF1C-8C9E-4688-BECC-185D9030899F}.Release|Any CPU.ActiveCfg = Release|Any CPU
		{65FCBF1C-8C9E-4688-BECC-185D9030899F}.Release|Any CPU.Build.0 = Release|Any CPU
		{D469C717-7625-40F1-966D-3C9DD00F5B9C}.Debug|Any CPU.ActiveCfg = Debug|Any CPU
		{D469C717-7625-40F1-966D-3C9DD00F5B9C}.Debug|Any CPU.Build.0 = Debug|Any CPU
		{D469C717-7625-40F1-966D-3C9DD00F5B9C}.Release|Any CPU.ActiveCfg = Release|Any CPU
		{D469C717-7625-40F1-966D-3C9DD00F5B9C}.Release|Any CPU.Build.0 = Release|Any CPU
		{18369F84-BD20-4946-B3D6-F2152148B2B4}.Debug|Any CPU.ActiveCfg = Debug|Any CPU
		{18369F84-BD20-4946-B3D6-F2152148B2B4}.Debug|Any CPU.Build.0 = Debug|Any CPU
		{18369F84-BD20-4946-B3D6-F2152148B2B4}.Release|Any CPU.ActiveCfg = Release|Any CPU
		{18369F84-BD20-4946-B3D6-F2152148B2B4}.Release|Any CPU.Build.0 = Release|Any CPU
		{72CCA645-3E1D-4355-9BDE-5C1884BCB6FC}.Debug|Any CPU.ActiveCfg = Debug|Any CPU
		{72CCA645-3E1D-4355-9BDE-5C1884BCB6FC}.Debug|Any CPU.Build.0 = Debug|Any CPU
		{72CCA645-3E1D-4355-9BDE-5C1884BCB6FC}.Release|Any CPU.ActiveCfg = Release|Any CPU
		{72CCA645-3E1D-4355-9BDE-5C1884BCB6FC}.Release|Any CPU.Build.0 = Release|Any CPU
		{2CE88104-14EB-436A-9E74-610212FF42F6}.Debug|Any CPU.ActiveCfg = Debug|Any CPU
		{2CE88104-14EB-436A-9E74-610212FF42F6}.Debug|Any CPU.Build.0 = Debug|Any CPU
		{2CE88104-14EB-436A-9E74-610212FF42F6}.Release|Any CPU.ActiveCfg = Release|Any CPU
		{2CE88104-14EB-436A-9E74-610212FF42F6}.Release|Any CPU.Build.0 = Release|Any CPU
		{42BB7F70-53A1-4FA4-80C2-9DB47A092FB0}.Debug|Any CPU.ActiveCfg = Debug|Any CPU
		{42BB7F70-53A1-4FA4-80C2-9DB47A092FB0}.Debug|Any CPU.Build.0 = Debug|Any CPU
		{42BB7F70-53A1-4FA4-80C2-9DB47A092FB0}.Release|Any CPU.ActiveCfg = Release|Any CPU
		{42BB7F70-53A1-4FA4-80C2-9DB47A092FB0}.Release|Any CPU.Build.0 = Release|Any CPU
		{2AD43A57-CDFF-4098-AC09-82159744C6E4}.Debug|Any CPU.ActiveCfg = Debug|Any CPU
		{2AD43A57-CDFF-4098-AC09-82159744C6E4}.Debug|Any CPU.Build.0 = Debug|Any CPU
		{2AD43A57-CDFF-4098-AC09-82159744C6E4}.Release|Any CPU.ActiveCfg = Release|Any CPU
		{2AD43A57-CDFF-4098-AC09-82159744C6E4}.Release|Any CPU.Build.0 = Release|Any CPU
		{A4D79B92-8D54-46BA-94AD-31CEA23E5688}.Debug|Any CPU.ActiveCfg = Debug|Any CPU
		{A4D79B92-8D54-46BA-94AD-31CEA23E5688}.Debug|Any CPU.Build.0 = Debug|Any CPU
		{A4D79B92-8D54-46BA-94AD-31CEA23E5688}.Release|Any CPU.ActiveCfg = Release|Any CPU
		{A4D79B92-8D54-46BA-94AD-31CEA23E5688}.Release|Any CPU.Build.0 = Release|Any CPU
		{EFAC8BA8-AF57-4D9C-9F00-1758FCC2F22E}.Debug|Any CPU.ActiveCfg = Debug|Any CPU
		{EFAC8BA8-AF57-4D9C-9F00-1758FCC2F22E}.Debug|Any CPU.Build.0 = Debug|Any CPU
		{EFAC8BA8-AF57-4D9C-9F00-1758FCC2F22E}.Release|Any CPU.ActiveCfg = Release|Any CPU
		{EFAC8BA8-AF57-4D9C-9F00-1758FCC2F22E}.Release|Any CPU.Build.0 = Release|Any CPU
		{EBAC601C-652C-466A-B4F0-94495F4C8E49}.Debug|Any CPU.ActiveCfg = Debug|Any CPU
		{EBAC601C-652C-466A-B4F0-94495F4C8E49}.Debug|Any CPU.Build.0 = Debug|Any CPU
		{EBAC601C-652C-466A-B4F0-94495F4C8E49}.Release|Any CPU.ActiveCfg = Release|Any CPU
		{EBAC601C-652C-466A-B4F0-94495F4C8E49}.Release|Any CPU.Build.0 = Release|Any CPU
		{1A544D51-1041-4A9A-B1ED-E738735DF52E}.Debug|Any CPU.ActiveCfg = Debug|Any CPU
		{1A544D51-1041-4A9A-B1ED-E738735DF52E}.Debug|Any CPU.Build.0 = Debug|Any CPU
		{1A544D51-1041-4A9A-B1ED-E738735DF52E}.Release|Any CPU.ActiveCfg = Release|Any CPU
		{1A544D51-1041-4A9A-B1ED-E738735DF52E}.Release|Any CPU.Build.0 = Release|Any CPU
		{60902085-CEF9-4C38-96F4-644F4574681F}.Debug|Any CPU.ActiveCfg = Debug|Any CPU
		{60902085-CEF9-4C38-96F4-644F4574681F}.Debug|Any CPU.Build.0 = Debug|Any CPU
		{60902085-CEF9-4C38-96F4-644F4574681F}.Release|Any CPU.ActiveCfg = Release|Any CPU
		{60902085-CEF9-4C38-96F4-644F4574681F}.Release|Any CPU.Build.0 = Release|Any CPU
		{516ECE98-0D6D-4713-AEDA-EDF47FFAA80B}.Debug|Any CPU.ActiveCfg = Debug|Any CPU
		{516ECE98-0D6D-4713-AEDA-EDF47FFAA80B}.Debug|Any CPU.Build.0 = Debug|Any CPU
		{516ECE98-0D6D-4713-AEDA-EDF47FFAA80B}.Release|Any CPU.ActiveCfg = Release|Any CPU
		{516ECE98-0D6D-4713-AEDA-EDF47FFAA80B}.Release|Any CPU.Build.0 = Release|Any CPU
		{289A0E25-F669-4E00-9DB9-0C5AE51E2BCC}.Debug|Any CPU.ActiveCfg = Debug|Any CPU
		{289A0E25-F669-4E00-9DB9-0C5AE51E2BCC}.Debug|Any CPU.Build.0 = Debug|Any CPU
		{289A0E25-F669-4E00-9DB9-0C5AE51E2BCC}.Release|Any CPU.ActiveCfg = Release|Any CPU
		{289A0E25-F669-4E00-9DB9-0C5AE51E2BCC}.Release|Any CPU.Build.0 = Release|Any CPU
		{6FEDA88B-70F0-4E7B-9079-C5530247F8AB}.Debug|Any CPU.ActiveCfg = Debug|Any CPU
		{6FEDA88B-70F0-4E7B-9079-C5530247F8AB}.Debug|Any CPU.Build.0 = Debug|Any CPU
		{6FEDA88B-70F0-4E7B-9079-C5530247F8AB}.Release|Any CPU.ActiveCfg = Release|Any CPU
		{6FEDA88B-70F0-4E7B-9079-C5530247F8AB}.Release|Any CPU.Build.0 = Release|Any CPU
		{9ADA4844-4566-4C2E-8649-3D87E2F76563}.Debug|Any CPU.ActiveCfg = Debug|Any CPU
		{9ADA4844-4566-4C2E-8649-3D87E2F76563}.Debug|Any CPU.Build.0 = Debug|Any CPU
		{9ADA4844-4566-4C2E-8649-3D87E2F76563}.Release|Any CPU.ActiveCfg = Release|Any CPU
		{9ADA4844-4566-4C2E-8649-3D87E2F76563}.Release|Any CPU.Build.0 = Release|Any CPU
		{909F6291-F0F5-4452-A4CA-BEF96916C01D}.Debug|Any CPU.ActiveCfg = Debug|Any CPU
		{909F6291-F0F5-4452-A4CA-BEF96916C01D}.Debug|Any CPU.Build.0 = Debug|Any CPU
		{909F6291-F0F5-4452-A4CA-BEF96916C01D}.Release|Any CPU.ActiveCfg = Release|Any CPU
		{909F6291-F0F5-4452-A4CA-BEF96916C01D}.Release|Any CPU.Build.0 = Release|Any CPU
		{2434E995-592F-4EE2-B321-033B7493F93E}.Debug|Any CPU.ActiveCfg = Debug|Any CPU
		{2434E995-592F-4EE2-B321-033B7493F93E}.Debug|Any CPU.Build.0 = Debug|Any CPU
		{2434E995-592F-4EE2-B321-033B7493F93E}.Release|Any CPU.ActiveCfg = Release|Any CPU
		{2434E995-592F-4EE2-B321-033B7493F93E}.Release|Any CPU.Build.0 = Release|Any CPU
		{921B252D-D2D0-412F-BD6D-9559DCD20BB0}.Debug|Any CPU.ActiveCfg = Debug|Any CPU
		{921B252D-D2D0-412F-BD6D-9559DCD20BB0}.Debug|Any CPU.Build.0 = Debug|Any CPU
		{921B252D-D2D0-412F-BD6D-9559DCD20BB0}.Release|Any CPU.ActiveCfg = Release|Any CPU
		{921B252D-D2D0-412F-BD6D-9559DCD20BB0}.Release|Any CPU.Build.0 = Release|Any CPU
		{6F4BBF10-0D1A-4092-8A06-C7587EBC3F03}.Debug|Any CPU.ActiveCfg = Debug|Any CPU
		{6F4BBF10-0D1A-4092-8A06-C7587EBC3F03}.Debug|Any CPU.Build.0 = Debug|Any CPU
		{6F4BBF10-0D1A-4092-8A06-C7587EBC3F03}.Release|Any CPU.ActiveCfg = Release|Any CPU
		{6F4BBF10-0D1A-4092-8A06-C7587EBC3F03}.Release|Any CPU.Build.0 = Release|Any CPU
		{FE9C7DB3-C4AA-4CF4-A6CF-CBE2244D3F2D}.Debug|Any CPU.ActiveCfg = Debug|Any CPU
		{FE9C7DB3-C4AA-4CF4-A6CF-CBE2244D3F2D}.Debug|Any CPU.Build.0 = Debug|Any CPU
		{FE9C7DB3-C4AA-4CF4-A6CF-CBE2244D3F2D}.Release|Any CPU.ActiveCfg = Release|Any CPU
		{FE9C7DB3-C4AA-4CF4-A6CF-CBE2244D3F2D}.Release|Any CPU.Build.0 = Release|Any CPU
		{569F61C2-3B06-4313-A299-E643C3786D3D}.Debug|Any CPU.ActiveCfg = Debug|Any CPU
		{569F61C2-3B06-4313-A299-E643C3786D3D}.Debug|Any CPU.Build.0 = Debug|Any CPU
		{569F61C2-3B06-4313-A299-E643C3786D3D}.Release|Any CPU.ActiveCfg = Release|Any CPU
		{569F61C2-3B06-4313-A299-E643C3786D3D}.Release|Any CPU.Build.0 = Release|Any CPU
		{0DAE9869-DE0E-442F-B8EF-B4F54EDE9559}.Debug|Any CPU.ActiveCfg = Debug|Any CPU
		{0DAE9869-DE0E-442F-B8EF-B4F54EDE9559}.Debug|Any CPU.Build.0 = Debug|Any CPU
		{0DAE9869-DE0E-442F-B8EF-B4F54EDE9559}.Release|Any CPU.ActiveCfg = Release|Any CPU
		{0DAE9869-DE0E-442F-B8EF-B4F54EDE9559}.Release|Any CPU.Build.0 = Release|Any CPU
		{6CB41404-02E8-4CA3-834C-CE8C30999450}.Debug|Any CPU.ActiveCfg = Debug|Any CPU
		{6CB41404-02E8-4CA3-834C-CE8C30999450}.Debug|Any CPU.Build.0 = Debug|Any CPU
		{6CB41404-02E8-4CA3-834C-CE8C30999450}.Release|Any CPU.ActiveCfg = Release|Any CPU
		{6CB41404-02E8-4CA3-834C-CE8C30999450}.Release|Any CPU.Build.0 = Release|Any CPU
	EndGlobalSection
	GlobalSection(SolutionProperties) = preSolution
		HideSolutionNode = FALSE
	EndGlobalSection
	GlobalSection(NestedProjects) = preSolution
		{D469C717-7625-40F1-966D-3C9DD00F5B9C} = {D157677E-4D33-4156-B55E-E21C4B5A3024}
		{18369F84-BD20-4946-B3D6-F2152148B2B4} = {D157677E-4D33-4156-B55E-E21C4B5A3024}
		{72CCA645-3E1D-4355-9BDE-5C1884BCB6FC} = {D157677E-4D33-4156-B55E-E21C4B5A3024}
		{2CE88104-14EB-436A-9E74-610212FF42F6} = {D157677E-4D33-4156-B55E-E21C4B5A3024}
		{42BB7F70-53A1-4FA4-80C2-9DB47A092FB0} = {D157677E-4D33-4156-B55E-E21C4B5A3024}
		{2AD43A57-CDFF-4098-AC09-82159744C6E4} = {D157677E-4D33-4156-B55E-E21C4B5A3024}
		{A4D79B92-8D54-46BA-94AD-31CEA23E5688} = {D157677E-4D33-4156-B55E-E21C4B5A3024}
		{EFAC8BA8-AF57-4D9C-9F00-1758FCC2F22E} = {D157677E-4D33-4156-B55E-E21C4B5A3024}
		{EBAC601C-652C-466A-B4F0-94495F4C8E49} = {D157677E-4D33-4156-B55E-E21C4B5A3024}
		{1A544D51-1041-4A9A-B1ED-E738735DF52E} = {D157677E-4D33-4156-B55E-E21C4B5A3024}
		{60902085-CEF9-4C38-96F4-644F4574681F} = {D157677E-4D33-4156-B55E-E21C4B5A3024}
		{516ECE98-0D6D-4713-AEDA-EDF47FFAA80B} = {D157677E-4D33-4156-B55E-E21C4B5A3024}
		{289A0E25-F669-4E00-9DB9-0C5AE51E2BCC} = {D157677E-4D33-4156-B55E-E21C4B5A3024}
		{6FEDA88B-70F0-4E7B-9079-C5530247F8AB} = {D157677E-4D33-4156-B55E-E21C4B5A3024}
		{9ADA4844-4566-4C2E-8649-3D87E2F76563} = {D157677E-4D33-4156-B55E-E21C4B5A3024}
		{909F6291-F0F5-4452-A4CA-BEF96916C01D} = {D157677E-4D33-4156-B55E-E21C4B5A3024}
		{2434E995-592F-4EE2-B321-033B7493F93E} = {D157677E-4D33-4156-B55E-E21C4B5A3024}
		{921B252D-D2D0-412F-BD6D-9559DCD20BB0} = {D157677E-4D33-4156-B55E-E21C4B5A3024}
		{6F4BBF10-0D1A-4092-8A06-C7587EBC3F03} = {D157677E-4D33-4156-B55E-E21C4B5A3024}
		{FE9C7DB3-C4AA-4CF4-A6CF-CBE2244D3F2D} = {D157677E-4D33-4156-B55E-E21C4B5A3024}
		{569F61C2-3B06-4313-A299-E643C3786D3D} = {D157677E-4D33-4156-B55E-E21C4B5A3024}
		{0DAE9869-DE0E-442F-B8EF-B4F54EDE9559} = {D157677E-4D33-4156-B55E-E21C4B5A3024}
		{6CB41404-02E8-4CA3-834C-CE8C30999450} = {D157677E-4D33-4156-B55E-E21C4B5A3024}
	EndGlobalSection
EndGlobal
