
Microsoft Visual Studio Solution File, Format Version 12.00
# Visual Studio 2013
VisualStudioVersion = 12.0.31101.0
MinimumVisualStudioVersion = 10.0.40219.1
Project("{FAE04EC0-301F-11D3-BF4B-00C04F79EFBC}") = "Interface", "Interface\Interface.csproj", "{AE4AFD7A-CAA4-46A0-9E00-2B3D53F8D0AB}"
EndProject
Project("{FAE04EC0-301F-11D3-BF4B-00C04F79EFBC}") = "Combot", "Combot\Combot.csproj", "{23E4C371-16E4-4FAC-8B11-44288399BB55}"
EndProject
Project("{FAE04EC0-301F-11D3-BF4B-00C04F79EFBC}") = "IRCServices", "IRCServices\IRCServices.csproj", "{65FCBF1C-8C9E-4688-BECC-185D9030899F}"
EndProject
Global
	GlobalSection(SolutionConfigurationPlatforms) = preSolution
		Debug|Any CPU = Debug|Any CPU
		Release|Any CPU = Release|Any CPU
	EndGlobalSection
	GlobalSection(ProjectConfigurationPlatforms) = postSolution
		{AE4AFD7A-CAA4-46A0-9E00-2B3D53F8D0AB}.Debug|Any CPU.ActiveCfg = Debug|Any CPU
		{AE4AFD7A-CAA4-46A0-9E00-2B3D53F8D0AB}.Debug|Any CPU.Build.0 = Debug|Any CPU
		{AE4AFD7A-CAA4-46A0-9E00-2B3D53F8D0AB}.Release|Any CPU.ActiveCfg = Release|Any CPU
		{AE4AFD7A-CAA4-46A0-9E00-2B3D53F8D0AB}.Release|Any CPU.Build.0 = Release|Any CPU
		{23E4C371-16E4-4FAC-8B11-44288399BB55}.Debug|Any CPU.ActiveCfg = Debug|Any CPU
		{23E4C371-16E4-4FAC-8B11-44288399BB55}.Debug|Any CPU.Build.0 = Debug|Any CPU
		{23E4C371-16E4-4FAC-8B11-44288399BB55}.Release|Any CPU.ActiveCfg = Release|Any CPU
		{23E4C371-16E4-4FAC-8B11-44288399BB55}.Release|Any CPU.Build.0 = Release|Any CPU
		{65FCBF1C-8C9E-4688-BECC-185D9030899F}.Debug|Any CPU.ActiveCfg = Debug|Any CPU
		{65FCBF1C-8C9E-4688-BECC-185D9030899F}.Debug|Any CPU.Build.0 = Debug|Any CPU
		{65FCBF1C-8C9E-4688-BECC-185D9030899F}.Release|Any CPU.ActiveCfg = Release|Any CPU
		{65FCBF1C-8C9E-4688-BECC-185D9030899F}.Release|Any CPU.Build.0 = Release|Any CPU
	EndGlobalSection
	GlobalSection(SolutionProperties) = preSolution
		HideSolutionNode = FALSE
	EndGlobalSection
EndGlobal
